
Microsoft Visual Studio Solution File, Format Version 12.00
# Visual Studio 2012
Project("{FAE04EC0-301F-11D3-BF4B-00C04F79EFBC}") = "OTBCode", "OTBCode\OTBCode.csproj", "{CF4963AB-15E6-4AFB-AC28-3DBAD1AAA2BB}"
EndProject
Project("{FAE04EC0-301F-11D3-BF4B-00C04F79EFBC}") = "OTBCode.Tests", "OTBCode.Tests\OTBCode.Tests.csproj", "{65085219-FF5B-448A-8AF7-B2BE4C9F75A4}"
EndProject
Global
	GlobalSection(SolutionConfigurationPlatforms) = preSolution
		Debug|Any CPU = Debug|Any CPU
		Release|Any CPU = Release|Any CPU
	EndGlobalSection
	GlobalSection(ProjectConfigurationPlatforms) = postSolution
		{CF4963AB-15E6-4AFB-AC28-3DBAD1AAA2BB}.Debug|Any CPU.ActiveCfg = Debug|Any CPU
		{CF4963AB-15E6-4AFB-AC28-3DBAD1AAA2BB}.Debug|Any CPU.Build.0 = Debug|Any CPU
		{CF4963AB-15E6-4AFB-AC28-3DBAD1AAA2BB}.Release|Any CPU.ActiveCfg = Release|Any CPU
		{CF4963AB-15E6-4AFB-AC28-3DBAD1AAA2BB}.Release|Any CPU.Build.0 = Release|Any CPU
		{65085219-FF5B-448A-8AF7-B2BE4C9F75A4}.Debug|Any CPU.ActiveCfg = Debug|Any CPU
		{65085219-FF5B-448A-8AF7-B2BE4C9F75A4}.Debug|Any CPU.Build.0 = Debug|Any CPU
		{65085219-FF5B-448A-8AF7-B2BE4C9F75A4}.Release|Any CPU.ActiveCfg = Release|Any CPU
		{65085219-FF5B-448A-8AF7-B2BE4C9F75A4}.Release|Any CPU.Build.0 = Release|Any CPU
	EndGlobalSection
	GlobalSection(SolutionProperties) = preSolution
		HideSolutionNode = FALSE
	EndGlobalSection
EndGlobal
